
Microsoft Visual Studio Solution File, Format Version 12.00
# Visual Studio 15
VisualStudioVersion = 15.0.28010.2048
MinimumVisualStudioVersion = 10.0.40219.1
Project("{FAE04EC0-301F-11D3-BF4B-00C04F79EFBC}") = "Errend", "Errend\Errend.csproj", "{E0CC620A-EA07-4C59-BF71-447A2DC7DD96}"
EndProject
Project("{54435603-DBB4-11D2-8724-00A0C9A8B90C}") = "SetupProject", "SetupProject\SetupProject.vdproj", "{D4F48C04-B4A1-4B34-985B-377C9272EA52}"
EndProject
Global
	GlobalSection(SolutionConfigurationPlatforms) = preSolution
		Debug|Any CPU = Debug|Any CPU
		Release|Any CPU = Release|Any CPU
	EndGlobalSection
	GlobalSection(ProjectConfigurationPlatforms) = postSolution
		{E0CC620A-EA07-4C59-BF71-447A2DC7DD96}.Debug|Any CPU.ActiveCfg = Debug|Any CPU
		{E0CC620A-EA07-4C59-BF71-447A2DC7DD96}.Debug|Any CPU.Build.0 = Debug|Any CPU
		{E0CC620A-EA07-4C59-BF71-447A2DC7DD96}.Release|Any CPU.ActiveCfg = Release|Any CPU
		{E0CC620A-EA07-4C59-BF71-447A2DC7DD96}.Release|Any CPU.Build.0 = Release|Any CPU
		{D4F48C04-B4A1-4B34-985B-377C9272EA52}.Debug|Any CPU.ActiveCfg = Debug
		{D4F48C04-B4A1-4B34-985B-377C9272EA52}.Release|Any CPU.ActiveCfg = Release
	EndGlobalSection
	GlobalSection(SolutionProperties) = preSolution
		HideSolutionNode = FALSE
	EndGlobalSection
	GlobalSection(ExtensibilityGlobals) = postSolution
		SolutionGuid = {FD3066A7-EB52-4F9D-85F0-558962E15B3D}
	EndGlobalSection
EndGlobal
